<Solution>
  <Folder Name="/src/">
    <Project Path="src/TypeSafe.AI/TypeSafe.AI.csproj" />
  </Folder>
  <Folder Name="/samples/">
    <Project Path="samples/TypeSafe.Sample.HelloJav/TypeSafe.Sample.HelloJav.csproj" />
  </Folder>
  <Folder Name="/tests/">
    <Project Path="tests/TypeSafe.AI.Tests/TypeSafe.AI.Tests.csproj" />
  </Folder>
</Solution>
